
Microsoft Visual Studio Solution File, Format Version 12.00
# Visual Studio Version 16
VisualStudioVersion = 16.0.31729.503
MinimumVisualStudioVersion = 10.0.40219.1
Project("{FAE04EC0-301F-11D3-BF4B-00C04F79EFBC}") = "ColorBlast", "ColorBlast\ColorBlast.csproj", "{48678F04-0887-48B0-B9E1-385656F0EE71}"
EndProject
Global
	GlobalSection(SolutionConfigurationPlatforms) = preSolution
		Debug|Any CPU = Debug|Any CPU
		Release|Any CPU = Release|Any CPU
	EndGlobalSection
	GlobalSection(ProjectConfigurationPlatforms) = postSolution
		{48678F04-0887-48B0-B9E1-385656F0EE71}.Debug|Any CPU.ActiveCfg = Debug|Any CPU
		{48678F04-0887-48B0-B9E1-385656F0EE71}.Debug|Any CPU.Build.0 = Debug|Any CPU
		{48678F04-0887-48B0-B9E1-385656F0EE71}.Release|Any CPU.ActiveCfg = Release|Any CPU
		{48678F04-0887-48B0-B9E1-385656F0EE71}.Release|Any CPU.Build.0 = Release|Any CPU
	EndGlobalSection
	GlobalSection(SolutionProperties) = preSolution
		HideSolutionNode = FALSE
	EndGlobalSection
	GlobalSection(ExtensibilityGlobals) = postSolution
		SolutionGuid = {A77AA256-86C0-4EC0-8A2F-49AB2FE1F9D0}
	EndGlobalSection
EndGlobal
